// !$*UTF8*$!
{
	archiveVersion = 1;
	classes = {
	};
	objectVersion = 56;
	objects = {

/* Begin PBXBuildFile section */
		54948EF62B648FA300CA135D /* AppDelegate.swift in Sources */ = {isa = PBXBuildFile; fileRef = 54948EF52B648FA300CA135D /* AppDelegate.swift */; };
		54948EF82B648FA300CA135D /* SceneDelegate.swift in Sources */ = {isa = PBXBuildFile; fileRef = 54948EF72B648FA300CA135D /* SceneDelegate.swift */; };
		54948EFA2B648FA300CA135D /* ViewController.swift in Sources */ = {isa = PBXBuildFile; fileRef = 54948EF92B648FA300CA135D /* ViewController.swift */; };
		54948EFD2B648FA300CA135D /* Main.storyboard in Resources */ = {isa = PBXBuildFile; fileRef = 54948EFB2B648FA300CA135D /* Main.storyboard */; };
		54948EFF2B648FA400CA135D /* Assets.xcassets in Resources */ = {isa = PBXBuildFile; fileRef = 54948EFE2B648FA400CA135D /* Assets.xcassets */; };
		54948F022B648FA400CA135D /* LaunchScreen.storyboard in Resources */ = {isa = PBXBuildFile; fileRef = 54948F002B648FA400CA135D /* LaunchScreen.storyboard */; };
		54948F0D2B648FA400CA135D /* M3_JCW_CalculatorTests.swift in Sources */ = {isa = PBXBuildFile; fileRef = 54948F0C2B648FA400CA135D /* M3_JCW_CalculatorTests.swift */; };
		54948F172B648FA400CA135D /* M3_JCW_CalculatorUITests.swift in Sources */ = {isa = PBXBuildFile; fileRef = 54948F162B648FA400CA135D /* M3_JCW_CalculatorUITests.swift */; };
		54948F192B648FA400CA135D /* M3_JCW_CalculatorUITestsLaunchTests.swift in Sources */ = {isa = PBXBuildFile; fileRef = 54948F182B648FA400CA135D /* M3_JCW_CalculatorUITestsLaunchTests.swift */; };
/* End PBXBuildFile section */

/* Begin PBXContainerItemProxy section */
		54948F092B648FA400CA135D /* PBXContainerItemProxy */ = {
			isa = PBXContainerItemProxy;
			containerPortal = 54948EEA2B648FA300CA135D /* Project object */;
			proxyType = 1;
			remoteGlobalIDString = 54948EF12B648FA300CA135D;
			remoteInfo = M3_JCW_Calculator;
		};
		54948F132B648FA400CA135D /* PBXContainerItemProxy */ = {
			isa = PBXContainerItemProxy;
			containerPortal = 54948EEA2B648FA300CA135D /* Project object */;
			proxyType = 1;
			remoteGlobalIDString = 54948EF12B648FA300CA135D;
			remoteInfo = M3_JCW_Calculator;
		};
/* End PBXContainerItemProxy section */

/* Begin PBXFileReference section */
		54948EF22B648FA300CA135D /* M3_JCW_Calculator.app */ = {isa = PBXFileReference; explicitFileType = wrapper.application; includeInIndex = 0; path = M3_JCW_Calculator.app; sourceTree = BUILT_PRODUCTS_DIR; };
		54948EF52B648FA300CA135D /* AppDelegate.swift */ = {isa = PBXFileReference; lastKnownFileType = sourcecode.swift; path = AppDelegate.swift; sourceTree = "<group>"; };
		54948EF72B648FA300CA135D /* SceneDelegate.swift */ = {isa = PBXFileReference; lastKnownFileType = sourcecode.swift; path = SceneDelegate.swift; sourceTree = "<group>"; };
		54948EF92B648FA300CA135D /* ViewController.swift */ = {isa = PBXFileReference; lastKnownFileType = sourcecode.swift; path = ViewController.swift; sourceTree = "<group>"; };
		54948EFC2B648FA300CA135D /* Base */ = {isa = PBXFileReference; lastKnownFileType = file.storyboard; name = Base; path = Base.lproj/Main.storyboard; sourceTree = "<group>"; };
		54948EFE2B648FA400CA135D /* Assets.xcassets */ = {isa = PBXFileReference; lastKnownFileType = folder.assetcatalog; path = Assets.xcassets; sourceTree = "<group>"; };
		54948F012B648FA400CA135D /* Base */ = {isa = PBXFileReference; lastKnownFileType = file.storyboard; name = Base; path = Base.lproj/LaunchScreen.storyboard; sourceTree = "<group>"; };
		54948F032B648FA400CA135D /* Info.plist */ = {isa = PBXFileReference; lastKnownFileType = text.plist.xml; path = Info.plist; sourceTree = "<group>"; };
		54948F082B648FA400CA135D /* M3_JCW_CalculatorTests.xctest */ = {isa = PBXFileReference; explicitFileType = wrapper.cfbundle; includeInIndex = 0; path = M3_JCW_CalculatorTests.xctest; sourceTree = BUILT_PRODUCTS_DIR; };
		54948F0C2B648FA400CA135D /* M3_JCW_CalculatorTests.swift */ = {isa = PBXFileReference; lastKnownFileType = sourcecode.swift; path = M3_JCW_CalculatorTests.swift; sourceTree = "<group>"; };
		54948F122B648FA400CA135D /* M3_JCW_CalculatorUITests.xctest */ = {isa = PBXFileReference; explicitFileType = wrapper.cfbundle; includeInIndex = 0; path = M3_JCW_CalculatorUITests.xctest; sourceTree = BUILT_PRODUCTS_DIR; };
		54948F162B648FA400CA135D /* M3_JCW_CalculatorUITests.swift */ = {isa = PBXFileReference; lastKnownFileType = sourcecode.swift; path = M3_JCW_CalculatorUITests.swift; sourceTree = "<group>"; };
		54948F182B648FA400CA135D /* M3_JCW_CalculatorUITestsLaunchTests.swift */ = {isa = PBXFileReference; lastKnownFileType = sourcecode.swift; path = M3_JCW_CalculatorUITestsLaunchTests.swift; sourceTree = "<group>"; };
/* End PBXFileReference section */

/* Begin PBXFrameworksBuildPhase section */
		54948EEF2B648FA300CA135D /* Frameworks */ = {
			isa = PBXFrameworksBuildPhase;
			buildActionMask = 2147483647;
			files = (
			);
			runOnlyForDeploymentPostprocessing = 0;
		};
		54948F052B648FA400CA135D /* Frameworks */ = {
			isa = PBXFrameworksBuildPhase;
			buildActionMask = 2147483647;
			files = (
			);
			runOnlyForDeploymentPostprocessing = 0;
		};
		54948F0F2B648FA400CA135D /* Frameworks */ = {
			isa = PBXFrameworksBuildPhase;
			buildActionMask = 2147483647;
			files = (
			);
			runOnlyForDeploymentPostprocessing = 0;
		};
/* End PBXFrameworksBuildPhase section */

/* Begin PBXGroup section */
		54948EE92B648FA300CA135D = {
			isa = PBXGroup;
			children = (
				54948EF42B648FA300CA135D /* M3_JCW_Calculator */,
				54948F0B2B648FA400CA135D /* M3_JCW_CalculatorTests */,
				54948F152B648FA400CA135D /* M3_JCW_CalculatorUITests */,
				54948EF32B648FA300CA135D /* Products */,
			);
			sourceTree = "<group>";
		};
		54948EF32B648FA300CA135D /* Products */ = {
			isa = PBXGroup;
			children = (
				54948EF22B648FA300CA135D /* M3_JCW_Calculator.app */,
				54948F082B648FA400CA135D /* M3_JCW_CalculatorTests.xctest */,
				54948F122B648FA400CA135D /* M3_JCW_CalculatorUITests.xctest */,
			);
			name = Products;
			sourceTree = "<group>";
		};
		54948EF42B648FA300CA135D /* M3_JCW_Calculator */ = {
			isa = PBXGroup;
			children = (
				54948EF52B648FA300CA135D /* AppDelegate.swift */,
				54948EF72B648FA300CA135D /* SceneDelegate.swift */,
				54948EF92B648FA300CA135D /* ViewController.swift */,
				54948EFB2B648FA300CA135D /* Main.storyboard */,
				54948EFE2B648FA400CA135D /* Assets.xcassets */,
				54948F002B648FA400CA135D /* LaunchScreen.storyboard */,
				54948F032B648FA400CA135D /* Info.plist */,
			);
			path = M3_JCW_Calculator;
			sourceTree = "<group>";
		};
		54948F0B2B648FA400CA135D /* M3_JCW_CalculatorTests */ = {
			isa = PBXGroup;
			children = (
				54948F0C2B648FA400CA135D /* M3_JCW_CalculatorTests.swift */,
			);
			path = M3_JCW_CalculatorTests;
			sourceTree = "<group>";
		};
		54948F152B648FA400CA135D /* M3_JCW_CalculatorUITests */ = {
			isa = PBXGroup;
			children = (
				54948F162B648FA400CA135D /* M3_JCW_CalculatorUITests.swift */,
				54948F182B648FA400CA135D /* M3_JCW_CalculatorUITestsLaunchTests.swift */,
			);
			path = M3_JCW_CalculatorUITests;
			sourceTree = "<group>";
		};
/* End PBXGroup section */

/* Begin PBXNativeTarget section */
		54948EF12B648FA300CA135D /* M3_JCW_Calculator */ = {
			isa = PBXNativeTarget;
			buildConfigurationList = 54948F1C2B648FA400CA135D /* Build configuration list for PBXNativeTarget "M3_JCW_Calculator" */;
			buildPhases = (
				54948EEE2B648FA300CA135D /* Sources */,
				54948EEF2B648FA300CA135D /* Frameworks */,
				54948EF02B648FA300CA135D /* Resources */,
			);
			buildRules = (
			);
			dependencies = (
			);
			name = M3_JCW_Calculator;
			productName = M3_JCW_Calculator;
			productReference = 54948EF22B648FA300CA135D /* M3_JCW_Calculator.app */;
			productType = "com.apple.product-type.application";
		};
		54948F072B648FA400CA135D /* M3_JCW_CalculatorTests */ = {
			isa = PBXNativeTarget;
			buildConfigurationList = 54948F1F2B648FA400CA135D /* Build configuration list for PBXNativeTarget "M3_JCW_CalculatorTests" */;
			buildPhases = (
				54948F042B648FA400CA135D /* Sources */,
				54948F052B648FA400CA135D /* Frameworks */,
				54948F062B648FA400CA135D /* Resources */,
			);
			buildRules = (
			);
			dependencies = (
				54948F0A2B648FA400CA135D /* PBXTargetDependency */,
			);
			name = M3_JCW_CalculatorTests;
			productName = M3_JCW_CalculatorTests;
			productReference = 54948F082B648FA400CA135D /* M3_JCW_CalculatorTests.xctest */;
			productType = "com.apple.product-type.bundle.unit-test";
		};
		54948F112B648FA400CA135D /* M3_JCW_CalculatorUITests */ = {
			isa = PBXNativeTarget;
			buildConfigurationList = 54948F222B648FA400CA135D /* Build configuration list for PBXNativeTarget "M3_JCW_CalculatorUITests" */;
			buildPhases = (
				54948F0E2B648FA400CA135D /* Sources */,
				54948F0F2B648FA400CA135D /* Frameworks */,
				54948F102B648FA400CA135D /* Resources */,
			);
			buildRules = (
			);
			dependencies = (
				54948F142B648FA400CA135D /* PBXTargetDependency */,
			);
			name = M3_JCW_CalculatorUITests;
			productName = M3_JCW_CalculatorUITests;
			productReference = 54948F122B648FA400CA135D /* M3_JCW_CalculatorUITests.xctest */;
			productType = "com.apple.product-type.bundle.ui-testing";
		};
/* End PBXNativeTarget section */

/* Begin PBXProject section */
		54948EEA2B648FA300CA135D /* Project object */ = {
			isa = PBXProject;
			attributes = {
				BuildIndependentTargetsInParallel = 1;
				LastSwiftUpdateCheck = 1510;
				LastUpgradeCheck = 1510;
				TargetAttributes = {
					54948EF12B648FA300CA135D = {
						CreatedOnToolsVersion = 15.1;
					};
					54948F072B648FA400CA135D = {
						CreatedOnToolsVersion = 15.1;
						TestTargetID = 54948EF12B648FA300CA135D;
					};
					54948F112B648FA400CA135D = {
						CreatedOnToolsVersion = 15.1;
						TestTargetID = 54948EF12B648FA300CA135D;
					};
				};
			};
			buildConfigurationList = 54948EED2B648FA300CA135D /* Build configuration list for PBXProject "M3_JCW_Calculator" */;
			compatibilityVersion = "Xcode 14.0";
			developmentRegion = en;
			hasScannedForEncodings = 0;
			knownRegions = (
				en,
				Base,
			);
			mainGroup = 54948EE92B648FA300CA135D;
			productRefGroup = 54948EF32B648FA300CA135D /* Products */;
			projectDirPath = "";
			projectRoot = "";
			targets = (
				54948EF12B648FA300CA135D /* M3_JCW_Calculator */,
				54948F072B648FA400CA135D /* M3_JCW_CalculatorTests */,
				54948F112B648FA400CA135D /* M3_JCW_CalculatorUITests */,
			);
		};
/* End PBXProject section */

/* Begin PBXResourcesBuildPhase section */
		54948EF02B648FA300CA135D /* Resources */ = {
			isa = PBXResourcesBuildPhase;
			buildActionMask = 2147483647;
			files = (
				54948F022B648FA400CA135D /* LaunchScreen.storyboard in Resources */,
				54948EFF2B648FA400CA135D /* Assets.xcassets in Resources */,
				54948EFD2B648FA300CA135D /* Main.storyboard in Resources */,
			);
			runOnlyForDeploymentPostprocessing = 0;
		};
		54948F062B648FA400CA135D /* Resources */ = {
			isa = PBXResourcesBuildPhase;
			buildActionMask = 2147483647;
			files = (
			);
			runOnlyForDeploymentPostprocessing = 0;
		};
		54948F102B648FA400CA135D /* Resources */ = {
			isa = PBXResourcesBuildPhase;
			buildActionMask = 2147483647;
			files = (
			);
			runOnlyForDeploymentPostprocessing = 0;
		};
/* End PBXResourcesBuildPhase section */

/* Begin PBXSourcesBuildPhase section */
		54948EEE2B648FA300CA135D /* Sources */ = {
			isa = PBXSourcesBuildPhase;
			buildActionMask = 2147483647;
			files = (
				54948EFA2B648FA300CA135D /* ViewController.swift in Sources */,
				54948EF62B648FA300CA135D /* AppDelegate.swift in Sources */,
				54948EF82B648FA300CA135D /* SceneDelegate.swift in Sources */,
			);
			runOnlyForDeploymentPostprocessing = 0;
		};
		54948F042B648FA400CA135D /* Sources */ = {
			isa = PBXSourcesBuildPhase;
			buildActionMask = 2147483647;
			files = (
				54948F0D2B648FA400CA135D /* M3_JCW_CalculatorTests.swift in Sources */,
			);
			runOnlyForDeploymentPostprocessing = 0;
		};
		54948F0E2B648FA400CA135D /* Sources */ = {
			isa = PBXSourcesBuildPhase;
			buildActionMask = 2147483647;
			files = (
				54948F172B648FA400CA135D /* M3_JCW_CalculatorUITests.swift in Sources */,
				54948F192B648FA400CA135D /* M3_JCW_CalculatorUITestsLaunchTests.swift in Sources */,
			);
			runOnlyForDeploymentPostprocessing = 0;
		};
/* End PBXSourcesBuildPhase section */

/* Begin PBXTargetDependency section */
		54948F0A2B648FA400CA135D /* PBXTargetDependency */ = {
			isa = PBXTargetDependency;
			target = 54948EF12B648FA300CA135D /* M3_JCW_Calculator */;
			targetProxy = 54948F092B648FA400CA135D /* PBXContainerItemProxy */;
		};
		54948F142B648FA400CA135D /* PBXTargetDependency */ = {
			isa = PBXTargetDependency;
			target = 54948EF12B648FA300CA135D /* M3_JCW_Calculator */;
			targetProxy = 54948F132B648FA400CA135D /* PBXContainerItemProxy */;
		};
/* End PBXTargetDependency section */

/* Begin PBXVariantGroup section */
		54948EFB2B648FA300CA135D /* Main.storyboard */ = {
			isa = PBXVariantGroup;
			children = (
				54948EFC2B648FA300CA135D /* Base */,
			);
			name = Main.storyboard;
			sourceTree = "<group>";
		};
		54948F002B648FA400CA135D /* LaunchScreen.storyboard */ = {
			isa = PBXVariantGroup;
			children = (
				54948F012B648FA400CA135D /* Base */,
			);
			name = LaunchScreen.storyboard;
			sourceTree = "<group>";
		};
/* End PBXVariantGroup section */

/* Begin XCBuildConfiguration section */
		54948F1A2B648FA400CA135D /* Debug */ = {
			isa = XCBuildConfiguration;
			buildSettings = {
				ALWAYS_SEARCH_USER_PATHS = NO;
				ASSETCATALOG_COMPILER_GENERATE_SWIFT_ASSET_SYMBOL_EXTENSIONS = YES;
				CLANG_ANALYZER_NONNULL = YES;
				CLANG_ANALYZER_NUMBER_OBJECT_CONVERSION = YES_AGGRESSIVE;
				CLANG_CXX_LANGUAGE_STANDARD = "gnu++20";
				CLANG_ENABLE_MODULES = YES;
				CLANG_ENABLE_OBJC_ARC = YES;
				CLANG_ENABLE_OBJC_WEAK = YES;
				CLANG_WARN_BLOCK_CAPTURE_AUTORELEASING = YES;
				CLANG_WARN_BOOL_CONVERSION = YES;
				CLANG_WARN_COMMA = YES;
				CLANG_WARN_CONSTANT_CONVERSION = YES;
				CLANG_WARN_DEPRECATED_OBJC_IMPLEMENTATIONS = YES;
				CLANG_WARN_DIRECT_OBJC_ISA_USAGE = YES_ERROR;
				CLANG_WARN_DOCUMENTATION_COMMENTS = YES;
				CLANG_WARN_EMPTY_BODY = YES;
				CLANG_WARN_ENUM_CONVERSION = YES;
				CLANG_WARN_INFINITE_RECURSION = YES;
				CLANG_WARN_INT_CONVERSION = YES;
				CLANG_WARN_NON_LITERAL_NULL_CONVERSION = YES;
				CLANG_WARN_OBJC_IMPLICIT_RETAIN_SELF = YES;
				CLANG_WARN_OBJC_LITERAL_CONVERSION = YES;
				CLANG_WARN_OBJC_ROOT_CLASS = YES_ERROR;
				CLANG_WARN_QUOTED_INCLUDE_IN_FRAMEWORK_HEADER = YES;
				CLANG_WARN_RANGE_LOOP_ANALYSIS = YES;
				CLANG_WARN_STRICT_PROTOTYPES = YES;
				CLANG_WARN_SUSPICIOUS_MOVE = YES;
				CLANG_WARN_UNGUARDED_AVAILABILITY = YES_AGGRESSIVE;
				CLANG_WARN_UNREACHABLE_CODE = YES;
				CLANG_WARN__DUPLICATE_METHOD_MATCH = YES;
				COPY_PHASE_STRIP = NO;
				DEBUG_INFORMATION_FORMAT = dwarf;
				ENABLE_STRICT_OBJC_MSGSEND = YES;
				ENABLE_TESTABILITY = YES;
				ENABLE_USER_SCRIPT_SANDBOXING = YES;
				GCC_C_LANGUAGE_STANDARD = gnu17;
				GCC_DYNAMIC_NO_PIC = NO;
				GCC_NO_COMMON_BLOCKS = YES;
				GCC_OPTIMIZATION_LEVEL = 0;
				GCC_PREPROCESSOR_DEFINITIONS = (
					"DEBUG=1",
					"$(inherited)",
				);
				GCC_WARN_64_TO_32_BIT_CONVERSION = YES;
				GCC_WARN_ABOUT_RETURN_TYPE = YES_ERROR;
				GCC_WARN_UNDECLARED_SELECTOR = YES;
				GCC_WARN_UNINITIALIZED_AUTOS = YES_AGGRESSIVE;
				GCC_WARN_UNUSED_FUNCTION = YES;
				GCC_WARN_UNUSED_VARIABLE = YES;
				IPHONEOS_DEPLOYMENT_TARGET = 16.4;
				LOCALIZATION_PREFERS_STRING_CATALOGS = YES;
				MTL_ENABLE_DEBUG_INFO = INCLUDE_SOURCE;
				MTL_FAST_MATH = YES;
				ONLY_ACTIVE_ARCH = YES;
				SDKROOT = iphoneos;
				SWIFT_ACTIVE_COMPILATION_CONDITIONS = "DEBUG $(inherited)";
				SWIFT_OPTIMIZATION_LEVEL = "-Onone";
			};
			name = Debug;
		};
		54948F1B2B648FA400CA135D /* Release */ = {
			isa = XCBuildConfiguration;
			buildSettings = {
				ALWAYS_SEARCH_USER_PATHS = NO;
				ASSETCATALOG_COMPILER_GENERATE_SWIFT_ASSET_SYMBOL_EXTENSIONS = YES;
				CLANG_ANALYZER_NONNULL = YES;
				CLANG_ANALYZER_NUMBER_OBJECT_CONVERSION = YES_AGGRESSIVE;
				CLANG_CXX_LANGUAGE_STANDARD = "gnu++20";
				CLANG_ENABLE_MODULES = YES;
				CLANG_ENABLE_OBJC_ARC = YES;
				CLANG_ENABLE_OBJC_WEAK = YES;
				CLANG_WARN_BLOCK_CAPTURE_AUTORELEASING = YES;
				CLANG_WARN_BOOL_CONVERSION = YES;
				CLANG_WARN_COMMA = YES;
				CLANG_WARN_CONSTANT_CONVERSION = YES;
				CLANG_WARN_DEPRECATED_OBJC_IMPLEMENTATIONS = YES;
				CLANG_WARN_DIRECT_OBJC_ISA_USAGE = YES_ERROR;
				CLANG_WARN_DOCUMENTATION_COMMENTS = YES;
				CLANG_WARN_EMPTY_BODY = YES;
				CLANG_WARN_ENUM_CONVERSION = YES;
				CLANG_WARN_INFINITE_RECURSION = YES;
				CLANG_WARN_INT_CONVERSION = YES;
				CLANG_WARN_NON_LITERAL_NULL_CONVERSION = YES;
				CLANG_WARN_OBJC_IMPLICIT_RETAIN_SELF = YES;
				CLANG_WARN_OBJC_LITERAL_CONVERSION = YES;
				CLANG_WARN_OBJC_ROOT_CLASS = YES_ERROR;
				CLANG_WARN_QUOTED_INCLUDE_IN_FRAMEWORK_HEADER = YES;
				CLANG_WARN_RANGE_LOOP_ANALYSIS = YES;
				CLANG_WARN_STRICT_PROTOTYPES = YES;
				CLANG_WARN_SUSPICIOUS_MOVE = YES;
				CLANG_WARN_UNGUARDED_AVAILABILITY = YES_AGGRESSIVE;
				CLANG_WARN_UNREACHABLE_CODE = YES;
				CLANG_WARN__DUPLICATE_METHOD_MATCH = YES;
				COPY_PHASE_STRIP = NO;
				DEBUG_INFORMATION_FORMAT = "dwarf-with-dsym";
				ENABLE_NS_ASSERTIONS = NO;
				ENABLE_STRICT_OBJC_MSGSEND = YES;
				ENABLE_USER_SCRIPT_SANDBOXING = YES;
				GCC_C_LANGUAGE_STANDARD = gnu17;
				GCC_NO_COMMON_BLOCKS = YES;
				GCC_WARN_64_TO_32_BIT_CONVERSION = YES;
				GCC_WARN_ABOUT_RETURN_TYPE = YES_ERROR;
				GCC_WARN_UNDECLARED_SELECTOR = YES;
				GCC_WARN_UNINITIALIZED_AUTOS = YES_AGGRESSIVE;
				GCC_WARN_UNUSED_FUNCTION = YES;
				GCC_WARN_UNUSED_VARIABLE = YES;
				IPHONEOS_DEPLOYMENT_TARGET = 16.4;
				LOCALIZATION_PREFERS_STRING_CATALOGS = YES;
				MTL_ENABLE_DEBUG_INFO = NO;
				MTL_FAST_MATH = YES;
				SDKROOT = iphoneos;
				SWIFT_COMPILATION_MODE = wholemodule;
				VALIDATE_PRODUCT = YES;
			};
			name = Release;
		};
		54948F1D2B648FA400CA135D /* Debug */ = {
			isa = XCBuildConfiguration;
			buildSettings = {
				ASSETCATALOG_COMPILER_APPICON_NAME = AppIcon;
				ASSETCATALOG_COMPILER_GLOBAL_ACCENT_COLOR_NAME = AccentColor;
				CODE_SIGN_STYLE = Automatic;
				CURRENT_PROJECT_VERSION = 1;
				GENERATE_INFOPLIST_FILE = YES;
				INFOPLIST_FILE = M3_JCW_Calculator/Info.plist;
				INFOPLIST_KEY_UIApplicationSupportsIndirectInputEvents = YES;
				INFOPLIST_KEY_UILaunchStoryboardName = LaunchScreen;
				INFOPLIST_KEY_UIMainStoryboardFile = Main;
				INFOPLIST_KEY_UISupportedInterfaceOrientations = "UIInterfaceOrientationLandscapeLeft UIInterfaceOrientationLandscapeRight UIInterfaceOrientationPortrait UIInterfaceOrientationPortraitUpsideDown";
				IPHONEOS_DEPLOYMENT_TARGET = 16.4;
				LD_RUNPATH_SEARCH_PATHS = (
					"$(inherited)",
					"@executable_path/Frameworks",
				);
				MARKETING_VERSION = 1.0;
				PRODUCT_BUNDLE_IDENTIFIER = "edu.auburn.onlinecsse.M3-JCW-Calculator";
				PRODUCT_NAME = "$(TARGET_NAME)";
				SWIFT_EMIT_LOC_STRINGS = YES;
				SWIFT_VERSION = 5.0;
				TARGETED_DEVICE_FAMILY = "1,2";
			};
			name = Debug;
		};
		54948F1E2B648FA400CA135D /* Release */ = {
			isa = XCBuildConfiguration;
			buildSettings = {
				ASSETCATALOG_COMPILER_APPICON_NAME = AppIcon;
				ASSETCATALOG_COMPILER_GLOBAL_ACCENT_COLOR_NAME = AccentColor;
				CODE_SIGN_STYLE = Automatic;
				CURRENT_PROJECT_VERSION = 1;
				GENERATE_INFOPLIST_FILE = YES;
				INFOPLIST_FILE = M3_JCW_Calculator/Info.plist;
				INFOPLIST_KEY_UIApplicationSupportsIndirectInputEvents = YES;
				INFOPLIST_KEY_UILaunchStoryboardName = LaunchScreen;
				INFOPLIST_KEY_UIMainStoryboardFile = Main;
				INFOPLIST_KEY_UISupportedInterfaceOrientations = "UIInterfaceOrientationLandscapeLeft UIInterfaceOrientationLandscapeRight UIInterfaceOrientationPortrait UIInterfaceOrientationPortraitUpsideDown";
				IPHONEOS_DEPLOYMENT_TARGET = 16.4;
				LD_RUNPATH_SEARCH_PATHS = (
					"$(inherited)",
					"@executable_path/Frameworks",
				);
				MARKETING_VERSION = 1.0;
				PRODUCT_BUNDLE_IDENTIFIER = "edu.auburn.onlinecsse.M3-JCW-Calculator";
				PRODUCT_NAME = "$(TARGET_NAME)";
				SWIFT_EMIT_LOC_STRINGS = YES;
				SWIFT_VERSION = 5.0;
				TARGETED_DEVICE_FAMILY = "1,2";
			};
			name = Release;
		};
		54948F202B648FA400CA135D /* Debug */ = {
			isa = XCBuildConfiguration;
			buildSettings = {
				ALWAYS_EMBED_SWIFT_STANDARD_LIBRARIES = YES;
				BUNDLE_LOADER = "$(TEST_HOST)";
				CODE_SIGN_STYLE = Automatic;
				CURRENT_PROJECT_VERSION = 1;
				GENERATE_INFOPLIST_FILE = YES;
				IPHONEOS_DEPLOYMENT_TARGET = 16.4;
				MARKETING_VERSION = 1.0;
				PRODUCT_BUNDLE_IDENTIFIER = "edu.auburn.onlinecsse.M3-JCW-CalculatorTests";
				PRODUCT_NAME = "$(TARGET_NAME)";
				SWIFT_EMIT_LOC_STRINGS = NO;
				SWIFT_VERSION = 5.0;
				TARGETED_DEVICE_FAMILY = "1,2";
				TEST_HOST = "$(BUILT_PRODUCTS_DIR)/M3_JCW_Calculator.app/$(BUNDLE_EXECUTABLE_FOLDER_PATH)/M3_JCW_Calculator";
			};
			name = Debug;
		};
		54948F212B648FA400CA135D /* Release */ = {
			isa = XCBuildConfiguration;
			buildSettings = {
				ALWAYS_EMBED_SWIFT_STANDARD_LIBRARIES = YES;
				BUNDLE_LOADER = "$(TEST_HOST)";
				CODE_SIGN_STYLE = Automatic;
				CURRENT_PROJECT_VERSION = 1;
				GENERATE_INFOPLIST_FILE = YES;
				IPHONEOS_DEPLOYMENT_TARGET = 16.4;
				MARKETING_VERSION = 1.0;
				PRODUCT_BUNDLE_IDENTIFIER = "edu.auburn.onlinecsse.M3-JCW-CalculatorTests";
				PRODUCT_NAME = "$(TARGET_NAME)";
				SWIFT_EMIT_LOC_STRINGS = NO;
				SWIFT_VERSION = 5.0;
				TARGETED_DEVICE_FAMILY = "1,2";
				TEST_HOST = "$(BUILT_PRODUCTS_DIR)/M3_JCW_Calculator.app/$(BUNDLE_EXECUTABLE_FOLDER_PATH)/M3_JCW_Calculator";
			};
			name = Release;
		};
		54948F232B648FA400CA135D /* Debug */ = {
			isa = XCBuildConfiguration;
			buildSettings = {
				ALWAYS_EMBED_SWIFT_STANDARD_LIBRARIES = YES;
				CODE_SIGN_STYLE = Automatic;
				CURRENT_PROJECT_VERSION = 1;
				GENERATE_INFOPLIST_FILE = YES;
				IPHONEOS_DEPLOYMENT_TARGET = 16.4;
				MARKETING_VERSION = 1.0;
				PRODUCT_BUNDLE_IDENTIFIER = "edu.auburn.onlinecsse.M3-JCW-CalculatorUITests";
				PRODUCT_NAME = "$(TARGET_NAME)";
				SWIFT_EMIT_LOC_STRINGS = NO;
				SWIFT_VERSION = 5.0;
				TARGETED_DEVICE_FAMILY = "1,2";
				TEST_TARGET_NAME = M3_JCW_Calculator;
			};
			name = Debug;
		};
		54948F242B648FA400CA135D /* Release */ = {
			isa = XCBuildConfiguration;
			buildSettings = {
				ALWAYS_EMBED_SWIFT_STANDARD_LIBRARIES = YES;
				CODE_SIGN_STYLE = Automatic;
				CURRENT_PROJECT_VERSION = 1;
				GENERATE_INFOPLIST_FILE = YES;
				IPHONEOS_DEPLOYMENT_TARGET = 16.4;
				MARKETING_VERSION = 1.0;
				PRODUCT_BUNDLE_IDENTIFIER = "edu.auburn.onlinecsse.M3-JCW-CalculatorUITests";
				PRODUCT_NAME = "$(TARGET_NAME)";
				SWIFT_EMIT_LOC_STRINGS = NO;
				SWIFT_VERSION = 5.0;
				TARGETED_DEVICE_FAMILY = "1,2";
				TEST_TARGET_NAME = M3_JCW_Calculator;
			};
			name = Release;
		};
/* End XCBuildConfiguration section */

/* Begin XCConfigurationList section */
		54948EED2B648FA300CA135D /* Build configuration list for PBXProject "M3_JCW_Calculator" */ = {
			isa = XCConfigurationList;
			buildConfigurations = (
				54948F1A2B648FA400CA135D /* Debug */,
				54948F1B2B648FA400CA135D /* Release */,
			);
			defaultConfigurationIsVisible = 0;
			defaultConfigurationName = Release;
		};
		54948F1C2B648FA400CA135D /* Build configuration list for PBXNativeTarget "M3_JCW_Calculator" */ = {
			isa = XCConfigurationList;
			buildConfigurations = (
				54948F1D2B648FA400CA135D /* Debug */,
				54948F1E2B648FA400CA135D /* Release */,
			);
			defaultConfigurationIsVisible = 0;
			defaultConfigurationName = Release;
		};
		54948F1F2B648FA400CA135D /* Build configuration list for PBXNativeTarget "M3_JCW_CalculatorTests" */ = {
			isa = XCConfigurationList;
			buildConfigurations = (
				54948F202B648FA400CA135D /* Debug */,
				54948F212B648FA400CA135D /* Release */,
			);
			defaultConfigurationIsVisible = 0;
			defaultConfigurationName = Release;
		};
		54948F222B648FA400CA135D /* Build configuration list for PBXNativeTarget "M3_JCW_CalculatorUITests" */ = {
			isa = XCConfigurationList;
			buildConfigurations = (
				54948F232B648FA400CA135D /* Debug */,
				54948F242B648FA400CA135D /* Release */,
			);
			defaultConfigurationIsVisible = 0;
			defaultConfigurationName = Release;
		};
/* End XCConfigurationList section */
	};
	rootObject = 54948EEA2B648FA300CA135D /* Project object */;
}
